
Microsoft Visual Studio Solution File, Format Version 12.00
# Visual Studio Version 16
VisualStudioVersion = 16.0.29709.97
MinimumVisualStudioVersion = 10.0.40219.1
Project("{FAE04EC0-301F-11D3-BF4B-00C04F79EFBC}") = "FizzBuzzHarjoitusConsole", "FizzBuzzHarjoitusConsole\FizzBuzzHarjoitusConsole.csproj", "{9B06E305-9AF1-49D3-BC23-D8D464F60139}"
EndProject
Project("{FAE04EC0-301F-11D3-BF4B-00C04F79EFBC}") = "FizzBuzzHarjoitusTests", "FizzBuzzHarjoitusTests\FizzBuzzHarjoitusTests.csproj", "{4A4E4307-54FB-4182-A482-846ABD65D6F8}"
EndProject
Global
	GlobalSection(SolutionConfigurationPlatforms) = preSolution
		Debug|Any CPU = Debug|Any CPU
		Release|Any CPU = Release|Any CPU
	EndGlobalSection
	GlobalSection(ProjectConfigurationPlatforms) = postSolution
		{9B06E305-9AF1-49D3-BC23-D8D464F60139}.Debug|Any CPU.ActiveCfg = Debug|Any CPU
		{9B06E305-9AF1-49D3-BC23-D8D464F60139}.Debug|Any CPU.Build.0 = Debug|Any CPU
		{9B06E305-9AF1-49D3-BC23-D8D464F60139}.Release|Any CPU.ActiveCfg = Release|Any CPU
		{9B06E305-9AF1-49D3-BC23-D8D464F60139}.Release|Any CPU.Build.0 = Release|Any CPU
		{4A4E4307-54FB-4182-A482-846ABD65D6F8}.Debug|Any CPU.ActiveCfg = Debug|Any CPU
		{4A4E4307-54FB-4182-A482-846ABD65D6F8}.Debug|Any CPU.Build.0 = Debug|Any CPU
		{4A4E4307-54FB-4182-A482-846ABD65D6F8}.Release|Any CPU.ActiveCfg = Release|Any CPU
		{4A4E4307-54FB-4182-A482-846ABD65D6F8}.Release|Any CPU.Build.0 = Release|Any CPU
	EndGlobalSection
	GlobalSection(SolutionProperties) = preSolution
		HideSolutionNode = FALSE
	EndGlobalSection
	GlobalSection(ExtensibilityGlobals) = postSolution
		SolutionGuid = {BC3A1B6F-8970-47C2-8DE2-FC509AE4BD4B}
	EndGlobalSection
EndGlobal
